{
  "name": "@digitalbranch/ui",
  "version": "1.0.0",
  "lockfileVersion": 1,
  "requires": true,
  "dependencies": {
    "@digitalbranch/emitter": {
      "version": "file:../emitter",
      "requires": {
        "@digitalbranch/u": "file:../U"
      },
      "dependencies": {
        "@digitalbranch/u": {
          "version": "file:../U"
        }
      }
    },
    "@digitalbranch/u": {
      "version": "file:../U"
    }
  }
}
